
Microsoft Visual Studio Solution File, Format Version 12.00
# Visual Studio Version 17
VisualStudioVersion = 17.14.35906.104
MinimumVisualStudioVersion = 10.0.40219.1
Project("{F2A71F9B-5D33-465A-A702-920D77279786}") = "NumberSearch", "NumberSearch\NumberSearch.fsproj", "{FDB688C1-B692-4E20-9195-CA589A5BE8DB}"
EndProject
Project("{F2A71F9B-5D33-465A-A702-920D77279786}") = "NumberSearch.Tests", "NumberSearch.Tests\NumberSearch.Tests.fsproj", "{9E38140A-B866-476A-9F2D-7B6EC464D503}"
EndProject
Global
	GlobalSection(SolutionConfigurationPlatforms) = preSolution
		Debug|Any CPU = Debug|Any CPU
		Release|Any CPU = Release|Any CPU
	EndGlobalSection
	GlobalSection(ProjectConfigurationPlatforms) = postSolution
		{FDB688C1-B692-4E20-9195-CA589A5BE8DB}.Debug|Any CPU.ActiveCfg = Debug|Any CPU
		{FDB688C1-B692-4E20-9195-CA589A5BE8DB}.Debug|Any CPU.Build.0 = Debug|Any CPU
		{FDB688C1-B692-4E20-9195-CA589A5BE8DB}.Release|Any CPU.ActiveCfg = Release|Any CPU
		{FDB688C1-B692-4E20-9195-CA589A5BE8DB}.Release|Any CPU.Build.0 = Release|Any CPU
		{9E38140A-B866-476A-9F2D-7B6EC464D503}.Debug|Any CPU.ActiveCfg = Debug|Any CPU
		{9E38140A-B866-476A-9F2D-7B6EC464D503}.Debug|Any CPU.Build.0 = Debug|Any CPU
		{9E38140A-B866-476A-9F2D-7B6EC464D503}.Release|Any CPU.ActiveCfg = Release|Any CPU
		{9E38140A-B866-476A-9F2D-7B6EC464D503}.Release|Any CPU.Build.0 = Release|Any CPU
	EndGlobalSection
	GlobalSection(SolutionProperties) = preSolution
		HideSolutionNode = FALSE
	EndGlobalSection
	GlobalSection(ExtensibilityGlobals) = postSolution
		SolutionGuid = {7BFC3526-18BE-4668-865D-E99DC3F55FF1}
	EndGlobalSection
EndGlobal
