
Microsoft Visual Studio Solution File, Format Version 12.00
# Visual Studio Version 17
VisualStudioVersion = 17.14.35906.104
MinimumVisualStudioVersion = 10.0.40219.1
Project("{F2A71F9B-5D33-465A-A702-920D77279786}") = "Fibonacci", "Fibonacci\Fibonacci.fsproj", "{06E8233F-2FF4-4D6D-B584-81DF5272D2E8}"
EndProject
Project("{F2A71F9B-5D33-465A-A702-920D77279786}") = "Fibonacci.Tests", "Fibonacci.Tests\Fibonacci.Tests.fsproj", "{96A358B7-BE6D-4B9A-AE0F-C9964BF9745A}"
EndProject
Global
	GlobalSection(SolutionConfigurationPlatforms) = preSolution
		Debug|Any CPU = Debug|Any CPU
		Release|Any CPU = Release|Any CPU
	EndGlobalSection
	GlobalSection(ProjectConfigurationPlatforms) = postSolution
		{06E8233F-2FF4-4D6D-B584-81DF5272D2E8}.Debug|Any CPU.ActiveCfg = Debug|Any CPU
		{06E8233F-2FF4-4D6D-B584-81DF5272D2E8}.Debug|Any CPU.Build.0 = Debug|Any CPU
		{06E8233F-2FF4-4D6D-B584-81DF5272D2E8}.Release|Any CPU.ActiveCfg = Release|Any CPU
		{06E8233F-2FF4-4D6D-B584-81DF5272D2E8}.Release|Any CPU.Build.0 = Release|Any CPU
		{96A358B7-BE6D-4B9A-AE0F-C9964BF9745A}.Debug|Any CPU.ActiveCfg = Debug|Any CPU
		{96A358B7-BE6D-4B9A-AE0F-C9964BF9745A}.Debug|Any CPU.Build.0 = Debug|Any CPU
		{96A358B7-BE6D-4B9A-AE0F-C9964BF9745A}.Release|Any CPU.ActiveCfg = Release|Any CPU
		{96A358B7-BE6D-4B9A-AE0F-C9964BF9745A}.Release|Any CPU.Build.0 = Release|Any CPU
	EndGlobalSection
	GlobalSection(SolutionProperties) = preSolution
		HideSolutionNode = FALSE
	EndGlobalSection
	GlobalSection(ExtensibilityGlobals) = postSolution
		SolutionGuid = {FEBE919E-2ED7-46FC-9006-1C93D5C9A488}
	EndGlobalSection
EndGlobal
