
Microsoft Visual Studio Solution File, Format Version 12.00
# Visual Studio Version 17
VisualStudioVersion = 17.14.35906.104
MinimumVisualStudioVersion = 10.0.40219.1
Project("{F2A71F9B-5D33-465A-A702-920D77279786}") = "MapForTrees", "MapForTrees\MapForTrees.fsproj", "{B5F9B4EB-2F71-42CC-B5E6-39B9A9600F03}"
EndProject
Project("{F2A71F9B-5D33-465A-A702-920D77279786}") = "MapForTrees.Tests", "MapForTrees.Tests\MapForTrees.Tests.fsproj", "{8ACC1677-4998-41F9-9C11-E2E9F34D3613}"
EndProject
Global
	GlobalSection(SolutionConfigurationPlatforms) = preSolution
		Debug|Any CPU = Debug|Any CPU
		Release|Any CPU = Release|Any CPU
	EndGlobalSection
	GlobalSection(ProjectConfigurationPlatforms) = postSolution
		{B5F9B4EB-2F71-42CC-B5E6-39B9A9600F03}.Debug|Any CPU.ActiveCfg = Debug|Any CPU
		{B5F9B4EB-2F71-42CC-B5E6-39B9A9600F03}.Debug|Any CPU.Build.0 = Debug|Any CPU
		{B5F9B4EB-2F71-42CC-B5E6-39B9A9600F03}.Release|Any CPU.ActiveCfg = Release|Any CPU
		{B5F9B4EB-2F71-42CC-B5E6-39B9A9600F03}.Release|Any CPU.Build.0 = Release|Any CPU
		{8ACC1677-4998-41F9-9C11-E2E9F34D3613}.Debug|Any CPU.ActiveCfg = Debug|Any CPU
		{8ACC1677-4998-41F9-9C11-E2E9F34D3613}.Debug|Any CPU.Build.0 = Debug|Any CPU
		{8ACC1677-4998-41F9-9C11-E2E9F34D3613}.Release|Any CPU.ActiveCfg = Release|Any CPU
		{8ACC1677-4998-41F9-9C11-E2E9F34D3613}.Release|Any CPU.Build.0 = Release|Any CPU
	EndGlobalSection
	GlobalSection(SolutionProperties) = preSolution
		HideSolutionNode = FALSE
	EndGlobalSection
	GlobalSection(ExtensibilityGlobals) = postSolution
		SolutionGuid = {2F2E4244-1F3C-45F9-A702-85DAF07EDE04}
	EndGlobalSection
EndGlobal
