
Microsoft Visual Studio Solution File, Format Version 12.00
# Visual Studio Version 17
VisualStudioVersion = 17.14.35906.104 d17.14
MinimumVisualStudioVersion = 10.0.40219.1
Project("{F2A71F9B-5D33-465A-A702-920D77279786}") = "ListReverse", "ListReverse\ListReverse.fsproj", "{2F9C557F-CB31-4CFE-810C-018A3237BE31}"
EndProject
Project("{F2A71F9B-5D33-465A-A702-920D77279786}") = "ListReverse.Tests", "ListReverse.Tests\ListReverse.Tests.fsproj", "{DC31BC91-42A1-4490-8BDC-341D6CAC8A85}"
EndProject
Global
	GlobalSection(SolutionConfigurationPlatforms) = preSolution
		Debug|Any CPU = Debug|Any CPU
		Release|Any CPU = Release|Any CPU
	EndGlobalSection
	GlobalSection(ProjectConfigurationPlatforms) = postSolution
		{2F9C557F-CB31-4CFE-810C-018A3237BE31}.Debug|Any CPU.ActiveCfg = Debug|Any CPU
		{2F9C557F-CB31-4CFE-810C-018A3237BE31}.Debug|Any CPU.Build.0 = Debug|Any CPU
		{2F9C557F-CB31-4CFE-810C-018A3237BE31}.Release|Any CPU.ActiveCfg = Release|Any CPU
		{2F9C557F-CB31-4CFE-810C-018A3237BE31}.Release|Any CPU.Build.0 = Release|Any CPU
		{DC31BC91-42A1-4490-8BDC-341D6CAC8A85}.Debug|Any CPU.ActiveCfg = Debug|Any CPU
		{DC31BC91-42A1-4490-8BDC-341D6CAC8A85}.Debug|Any CPU.Build.0 = Debug|Any CPU
		{DC31BC91-42A1-4490-8BDC-341D6CAC8A85}.Release|Any CPU.ActiveCfg = Release|Any CPU
		{DC31BC91-42A1-4490-8BDC-341D6CAC8A85}.Release|Any CPU.Build.0 = Release|Any CPU
	EndGlobalSection
	GlobalSection(SolutionProperties) = preSolution
		HideSolutionNode = FALSE
	EndGlobalSection
	GlobalSection(ExtensibilityGlobals) = postSolution
		SolutionGuid = {E705E73F-FB7F-43D3-8645-16A7FFE85039}
	EndGlobalSection
EndGlobal
